
Microsoft Visual Studio Solution File, Format Version 12.00
# Visual Studio Version 17
VisualStudioVersion = 17.9.34616.47
MinimumVisualStudioVersion = 10.0.40219.1
Project("{FAE04EC0-301F-11D3-BF4B-00C04F79EFBC}") = "InsurancePremiumAPI", "InsurancePremiumAPI\InsurancePremiumAPI.csproj", "{3BECC6B5-02DB-43F6-B762-7F4ABC20A3F6}"
EndProject
Global
	GlobalSection(SolutionConfigurationPlatforms) = preSolution
		Debug|Any CPU = Debug|Any CPU
		Release|Any CPU = Release|Any CPU
	EndGlobalSection
	GlobalSection(ProjectConfigurationPlatforms) = postSolution
		{3BECC6B5-02DB-43F6-B762-7F4ABC20A3F6}.Debug|Any CPU.ActiveCfg = Debug|Any CPU
		{3BECC6B5-02DB-43F6-B762-7F4ABC20A3F6}.Debug|Any CPU.Build.0 = Debug|Any CPU
		{3BECC6B5-02DB-43F6-B762-7F4ABC20A3F6}.Release|Any CPU.ActiveCfg = Release|Any CPU
		{3BECC6B5-02DB-43F6-B762-7F4ABC20A3F6}.Release|Any CPU.Build.0 = Release|Any CPU
	EndGlobalSection
	GlobalSection(SolutionProperties) = preSolution
		HideSolutionNode = FALSE
	EndGlobalSection
	GlobalSection(ExtensibilityGlobals) = postSolution
		SolutionGuid = {295E9FE8-FDE2-4D2C-AE17-C39ABC117ED2}
	EndGlobalSection
EndGlobal
